
Microsoft Visual Studio Solution File, Format Version 12.00
Project("{2150E333-8FDC-42A3-9474-1A3956D46DE8}") = "src", "src", "{25097A96-D0D0-4213-BB57-F89103B8A6E5}"
EndProject
Project("{2150E333-8FDC-42A3-9474-1A3956D46DE8}") = "1-Domain", "1-Domain", "{A25E998D-D55B-48C1-938A-2651429B5448}"
EndProject
Project("{2150E333-8FDC-42A3-9474-1A3956D46DE8}") = "2-Application", "2-Application", "{37FD4AE5-445D-49E0-9E67-5E5BF21B8F2A}"
EndProject
Project("{2150E333-8FDC-42A3-9474-1A3956D46DE8}") = "3-API", "3-API", "{40311634-D576-4A79-BD52-30D4BFF2B630}"
EndProject
Project("{2150E333-8FDC-42A3-9474-1A3956D46DE8}") = "3-Infrastructure", "3-Infrastructure", "{985D7A2B-2CF7-4BA0-BD91-20D374B9933D}"
EndProject
Project("{2150E333-8FDC-42A3-9474-1A3956D46DE8}") = "4-DI", "4-DI", "{E7EA0D8F-7615-40E4-855E-FF3B461CFCDD}"
EndProject
Project("{FAE04EC0-301F-11D3-BF4B-00C04F79EFBC}") = "Falcata.BillPlanner.API", "src\Falcata.BillPlanner.API\Falcata.BillPlanner.API.csproj", "{7953AE98-7727-4345-96C3-1C4B45564102}"
EndProject
Project("{FAE04EC0-301F-11D3-BF4B-00C04F79EFBC}") = "Falcata.BillPlanner.Domain", "src\Falcata.BillPlanner.Domain\Falcata.BillPlanner.Domain.csproj", "{A765D906-C964-4961-B524-5E252D7DF80B}"
EndProject
Project("{FAE04EC0-301F-11D3-BF4B-00C04F79EFBC}") = "Falcata.BillPlanner.Domain.Test", "src\Falcata.BillPlanner.Domain.Test\Falcata.BillPlanner.Domain.Test.csproj", "{774977C2-1C4F-490C-993A-75E481C0943E}"
EndProject
Project("{FAE04EC0-301F-11D3-BF4B-00C04F79EFBC}") = "Falcata.BillPlanner.Application", "src\Falcata.BillPlanner.Application\Falcata.BillPlanner.Application.csproj", "{0DB39980-A87B-4B36-B83A-2195B60391E6}"
EndProject
Project("{FAE04EC0-301F-11D3-BF4B-00C04F79EFBC}") = "Falcata.BillPlanner.Application.Test", "src\Falcata.BillPlanner.Application.Test\Falcata.BillPlanner.Application.Test.csproj", "{29958C5B-AD22-414A-82A7-E65DEE7E56C9}"
EndProject
Project("{FAE04EC0-301F-11D3-BF4B-00C04F79EFBC}") = "Falcata.BillPlanner.DI", "src\Falcata.BillPlanner.DI\Falcata.BillPlanner.DI.csproj", "{B892FB0C-2C55-4859-967D-5827FDB70EE5}"
EndProject
Global
	GlobalSection(SolutionConfigurationPlatforms) = preSolution
		Debug|Any CPU = Debug|Any CPU
		Release|Any CPU = Release|Any CPU
	EndGlobalSection
	GlobalSection(NestedProjects) = preSolution
		{A25E998D-D55B-48C1-938A-2651429B5448} = {25097A96-D0D0-4213-BB57-F89103B8A6E5}
		{37FD4AE5-445D-49E0-9E67-5E5BF21B8F2A} = {25097A96-D0D0-4213-BB57-F89103B8A6E5}
		{40311634-D576-4A79-BD52-30D4BFF2B630} = {25097A96-D0D0-4213-BB57-F89103B8A6E5}
		{985D7A2B-2CF7-4BA0-BD91-20D374B9933D} = {25097A96-D0D0-4213-BB57-F89103B8A6E5}
		{E7EA0D8F-7615-40E4-855E-FF3B461CFCDD} = {25097A96-D0D0-4213-BB57-F89103B8A6E5}
		{7953AE98-7727-4345-96C3-1C4B45564102} = {40311634-D576-4A79-BD52-30D4BFF2B630}
		{A765D906-C964-4961-B524-5E252D7DF80B} = {A25E998D-D55B-48C1-938A-2651429B5448}
		{774977C2-1C4F-490C-993A-75E481C0943E} = {A25E998D-D55B-48C1-938A-2651429B5448}
		{0DB39980-A87B-4B36-B83A-2195B60391E6} = {37FD4AE5-445D-49E0-9E67-5E5BF21B8F2A}
		{29958C5B-AD22-414A-82A7-E65DEE7E56C9} = {37FD4AE5-445D-49E0-9E67-5E5BF21B8F2A}
		{B892FB0C-2C55-4859-967D-5827FDB70EE5} = {E7EA0D8F-7615-40E4-855E-FF3B461CFCDD}
	EndGlobalSection
	GlobalSection(ProjectConfigurationPlatforms) = postSolution
		{7953AE98-7727-4345-96C3-1C4B45564102}.Debug|Any CPU.ActiveCfg = Debug|Any CPU
		{7953AE98-7727-4345-96C3-1C4B45564102}.Debug|Any CPU.Build.0 = Debug|Any CPU
		{7953AE98-7727-4345-96C3-1C4B45564102}.Release|Any CPU.ActiveCfg = Release|Any CPU
		{7953AE98-7727-4345-96C3-1C4B45564102}.Release|Any CPU.Build.0 = Release|Any CPU
		{A765D906-C964-4961-B524-5E252D7DF80B}.Debug|Any CPU.ActiveCfg = Debug|Any CPU
		{A765D906-C964-4961-B524-5E252D7DF80B}.Debug|Any CPU.Build.0 = Debug|Any CPU
		{A765D906-C964-4961-B524-5E252D7DF80B}.Release|Any CPU.ActiveCfg = Release|Any CPU
		{A765D906-C964-4961-B524-5E252D7DF80B}.Release|Any CPU.Build.0 = Release|Any CPU
		{774977C2-1C4F-490C-993A-75E481C0943E}.Debug|Any CPU.ActiveCfg = Debug|Any CPU
		{774977C2-1C4F-490C-993A-75E481C0943E}.Debug|Any CPU.Build.0 = Debug|Any CPU
		{774977C2-1C4F-490C-993A-75E481C0943E}.Release|Any CPU.ActiveCfg = Release|Any CPU
		{774977C2-1C4F-490C-993A-75E481C0943E}.Release|Any CPU.Build.0 = Release|Any CPU
		{0DB39980-A87B-4B36-B83A-2195B60391E6}.Debug|Any CPU.ActiveCfg = Debug|Any CPU
		{0DB39980-A87B-4B36-B83A-2195B60391E6}.Debug|Any CPU.Build.0 = Debug|Any CPU
		{0DB39980-A87B-4B36-B83A-2195B60391E6}.Release|Any CPU.ActiveCfg = Release|Any CPU
		{0DB39980-A87B-4B36-B83A-2195B60391E6}.Release|Any CPU.Build.0 = Release|Any CPU
		{29958C5B-AD22-414A-82A7-E65DEE7E56C9}.Debug|Any CPU.ActiveCfg = Debug|Any CPU
		{29958C5B-AD22-414A-82A7-E65DEE7E56C9}.Debug|Any CPU.Build.0 = Debug|Any CPU
		{29958C5B-AD22-414A-82A7-E65DEE7E56C9}.Release|Any CPU.ActiveCfg = Release|Any CPU
		{29958C5B-AD22-414A-82A7-E65DEE7E56C9}.Release|Any CPU.Build.0 = Release|Any CPU
		{B892FB0C-2C55-4859-967D-5827FDB70EE5}.Debug|Any CPU.ActiveCfg = Debug|Any CPU
		{B892FB0C-2C55-4859-967D-5827FDB70EE5}.Debug|Any CPU.Build.0 = Debug|Any CPU
		{B892FB0C-2C55-4859-967D-5827FDB70EE5}.Release|Any CPU.ActiveCfg = Release|Any CPU
		{B892FB0C-2C55-4859-967D-5827FDB70EE5}.Release|Any CPU.Build.0 = Release|Any CPU
	EndGlobalSection
EndGlobal
